Microsoft Visual Studio Solution File, Format Version 12.00
# Visual Studio Version 17
VisualStudioVersion = 17.5.2.0
MinimumVisualStudioVersion = 10.0.40219.1
Project("{FAE04EC0-301F-11D3-BF4B-00C04F79EFBC}") = "guess the number", "guess the number.csproj", "{CA06909B-047A-F52F-9A6C-F0BC6F31BCA4}"
EndProject
Global
	GlobalSection(SolutionConfigurationPlatforms) = preSolution
		Debug|Any CPU = Debug|Any CPU
		Release|Any CPU = Release|Any CPU
	EndGlobalSection
	GlobalSection(ProjectConfigurationPlatforms) = postSolution
		{CA06909B-047A-F52F-9A6C-F0BC6F31BCA4}.Debug|Any CPU.ActiveCfg = Debug|Any CPU
		{CA06909B-047A-F52F-9A6C-F0BC6F31BCA4}.Debug|Any CPU.Build.0 = Debug|Any CPU
		{CA06909B-047A-F52F-9A6C-F0BC6F31BCA4}.Release|Any CPU.ActiveCfg = Release|Any CPU
		{CA06909B-047A-F52F-9A6C-F0BC6F31BCA4}.Release|Any CPU.Build.0 = Release|Any CPU
	EndGlobalSection
	GlobalSection(SolutionProperties) = preSolution
		HideSolutionNode = FALSE
	EndGlobalSection
	GlobalSection(ExtensibilityGlobals) = postSolution
		SolutionGuid = {3E7F8AD2-78F2-4C60-A34C-2073AF28304D}
	EndGlobalSection
EndGlobal
